
Microsoft Visual Studio Solution File, Format Version 12.00
# Visual Studio Version 17
VisualStudioVersion = 17.9.34728.123
MinimumVisualStudioVersion = 10.0.40219.1
Project("{FAE04EC0-301F-11D3-BF4B-00C04F79EFBC}") = "L1", "L1.csproj", "{FFA0A143-E014-401D-8A2E-D6C3E77227AF}"
EndProject
Global
	GlobalSection(SolutionConfigurationPlatforms) = preSolution
		Debug|Any CPU = Debug|Any CPU
		Release|Any CPU = Release|Any CPU
	EndGlobalSection
	GlobalSection(ProjectConfigurationPlatforms) = postSolution
		{FFA0A143-E014-401D-8A2E-D6C3E77227AF}.Debug|Any CPU.ActiveCfg = Debug|Any CPU
		{FFA0A143-E014-401D-8A2E-D6C3E77227AF}.Debug|Any CPU.Build.0 = Debug|Any CPU
		{FFA0A143-E014-401D-8A2E-D6C3E77227AF}.Release|Any CPU.ActiveCfg = Release|Any CPU
		{FFA0A143-E014-401D-8A2E-D6C3E77227AF}.Release|Any CPU.Build.0 = Release|Any CPU
	EndGlobalSection
	GlobalSection(SolutionProperties) = preSolution
		HideSolutionNode = FALSE
	EndGlobalSection
	GlobalSection(ExtensibilityGlobals) = postSolution
		SolutionGuid = {6799E31F-60B7-487A-A60E-5F32ACEEC75A}
	EndGlobalSection
EndGlobal
